<?xml version="1.0" encoding="utf-8"?>
<Project ToolsVersion="4.0" xmlns="http://schemas.microsoft.com/developer/msbuild/2003">
  <ItemGroup>
    <Filter Include="Source Files">
      <UniqueIdentifier>{4FC737F1-C7A5-4376-A066-2A32D752A2FF}</UniqueIdentifier>
      <Extensions>cpp;c;cc;cxx;c++;cppm;ixx;def;odl;idl;hpj;bat;asm;asmx</Extensions>
    </Filter>
    <Filter Include="Header Files">
      <UniqueIdentifier>{93995380-89BD-4b04-88EB-625FBE52EBFB}</UniqueIdentifier>
      <Extensions>h;hh;hpp;hxx;h++;hm;inl;inc;ipp;xsd</Extensions>
    </Filter>
    <Filter Include="Resource Files">
      <UniqueIdentifier>{67DA6AB6-F800-4c08-8B7A-83BB121AAD01}</UniqueIdentifier>
      <Extensions>rc;ico;cur;bmp;dlg;rc2;rct;bin;rgs;gif;jpg;jpeg;jpe;resx;tiff;tif;png;wav;mfcribbon-ms</Extensions>
    </Filter>
  </ItemGroup>
  <ItemGroup>
    <ClCompile Include="dllmain.cpp">
      <Filter>Source Files</Filter>
    </ClCompile>
    <ClCompile Include="HODDump\SDK\Basic.cpp">
      <Filter>Source Files</Filter>
    </ClCompile>
    <ClCompile Include="HODDump\SDK\CoreUObject_functions.cpp">
      <Filter>Source Files</Filter>
    </ClCompile>
    <ClCompile Include="HODDump\SDK\Engine_functions.cpp">
      <Filter>Source Files</Filter>
    </ClCompile>
    <ClCompile Include="basic_ue.hpp">
      <Filter>Source Files</Filter>
    </ClCompile>
  </ItemGroup>
  <ItemGroup>
    <ClInclude Include="lib\xenon\components\features\aimbot.hpp">
      <Filter>Header Files</Filter>
    </ClInclude>
    <ClInclude Include="lib\xenon\components\features\esp.hpp">
      <Filter>Header Files</Filter>
    </ClInclude>
    <ClInclude Include="lib\xenon\components\features\game.hpp">
      <Filter>Header Files</Filter>
    </ClInclude>
    <ClInclude Include="lib\xenon\components\features\radar.hpp">
      <Filter>Header Files</Filter>
    </ClInclude>
    <ClInclude Include="lib\xenon\components\features\waypoints.hpp">
      <Filter>Header Files</Filter>
    </ClInclude>
    <ClInclude Include="lib\xenon\components\services\aim_service.hpp">
      <Filter>Header Files</Filter>
    </ClInclude>
    <ClInclude Include="lib\xenon\components\services\injection_service.hpp">
      <Filter>Header Files</Filter>
    </ClInclude>
    <ClInclude Include="lib\xenon\components\services\lua_service.hpp">
      <Filter>Header Files</Filter>
    </ClInclude>
    <ClInclude Include="lib\xenon\components\services\memory_service.hpp">
      <Filter>Header Files</Filter>
    </ClInclude>
    <ClInclude Include="lib\xenon\components\services\notification_service.hpp">
      <Filter>Header Files</Filter>
    </ClInclude>
    <ClInclude Include="lib\xenon\components\services\ui_service.hpp">
      <Filter>Header Files</Filter>
    </ClInclude>
    <ClInclude Include="lib\xenon\components\component.hpp">
      <Filter>Header Files</Filter>
    </ClInclude>
    <ClInclude Include="lib\xenon\configs\aim_config.hpp">
      <Filter>Header Files</Filter>
    </ClInclude>
    <ClInclude Include="lib\xenon\configs\esp_config.hpp">
      <Filter>Header Files</Filter>
    </ClInclude>
    <ClInclude Include="lib\xenon\configs\game_variables.hpp">
      <Filter>Header Files</Filter>
    </ClInclude>
    <ClInclude Include="lib\xenon\configs\radar_config.hpp">
      <Filter>Header Files</Filter>
    </ClInclude>
    <ClInclude Include="lib\xenon\configs\ui_config.hpp">
      <Filter>Header Files</Filter>
    </ClInclude>
    <ClInclude Include="lib\xenon\configs\waypoints_config.hpp">
      <Filter>Header Files</Filter>
    </ClInclude>
    <ClInclude Include="lib\xenon\core\builder.hpp">
      <Filter>Header Files</Filter>
    </ClInclude>
    <ClInclude Include="lib\xenon\core\cheat.hpp">
      <Filter>Header Files</Filter>
    </ClInclude>
    <ClInclude Include="lib\xenon\core\system.hpp">
      <Filter>Header Files</Filter>
    </ClInclude>
    <ClInclude Include="lib\xenon\core\xenon_config.hpp">
      <Filter>Header Files</Filter>
    </ClInclude>
    <ClInclude Include="lib\xenon\core\xenon_core.hpp">
      <Filter>Header Files</Filter>
    </ClInclude>
    <ClInclude Include="lib\xenon\core\xenon_variables.hpp">
      <Filter>Header Files</Filter>
    </ClInclude>
    <ClInclude Include="lib\xenon\models\enums\game_dimension.hpp">
      <Filter>Header Files</Filter>
    </ClInclude>
    <ClInclude Include="lib\xenon\models\enums\gameengine_type.hpp">
      <Filter>Header Files</Filter>
    </ClInclude>
    <ClInclude Include="lib\xenon\models\enums\injection_type.hpp">
      <Filter>Header Files</Filter>
    </ClInclude>
    <ClInclude Include="lib\xenon\models\enums\radar_shape.hpp">
      <Filter>Header Files</Filter>
    </ClInclude>
    <ClInclude Include="lib\xenon\models\enums\rendering_hook_type.hpp">
      <Filter>Header Files</Filter>
    </ClInclude>
    <ClInclude Include="lib\xenon\models\enums\rendering_type.hpp">
      <Filter>Header Files</Filter>
    </ClInclude>
    <ClInclude Include="lib\xenon\models\enums\unityengine_type.hpp">
      <Filter>Header Files</Filter>
    </ClInclude>
    <ClInclude Include="lib\xenon\models\enums\unrealengine_version.hpp">
      <Filter>Header Files</Filter>
    </ClInclude>
    <ClInclude Include="lib\xenon\models\profiles\target_profile.hpp">
      <Filter>Header Files</Filter>
    </ClInclude>
    <ClInclude Include="lib\xenon\models\quickactions\quickaction.hpp">
      <Filter>Header Files</Filter>
    </ClInclude>
    <ClInclude Include="lib\xenon\models\quickactions\quickaction_button.hpp">
      <Filter>Header Files</Filter>
    </ClInclude>
    <ClInclude Include="lib\xenon\models\quickactions\quickaction_checkbox.hpp">
      <Filter>Header Files</Filter>
    </ClInclude>
    <ClInclude Include="lib\xenon\models\quickactions\quickaction_slider.hpp">
      <Filter>Header Files</Filter>
    </ClInclude>
    <ClInclude Include="lib\xenon\models\quickactions\quickactions.hpp">
      <Filter>Header Files</Filter>
    </ClInclude>
    <ClInclude Include="lib\xenon\models\structs\manual_mapping_data.hpp">
      <Filter>Header Files</Filter>
    </ClInclude>
    <ClInclude Include="lib\xenon\models\hotkey.hpp">
      <Filter>Header Files</Filter>
    </ClInclude>
    <ClInclude Include="lib\xenon\models\notification.hpp">
      <Filter>Header Files</Filter>
    </ClInclude>
    <ClInclude Include="lib\xenon\models\waypoint.hpp">
      <Filter>Header Files</Filter>
    </ClInclude>
    <ClInclude Include="lib\xenon\utility\unity\helper.hpp">
      <Filter>Header Files</Filter>
    </ClInclude>
    <ClInclude Include="lib\xenon\utility\fonts.h">
      <Filter>Header Files</Filter>
    </ClInclude>
    <ClInclude Include="lib\xenon\utility\imgui_helper.hpp">
      <Filter>Header Files</Filter>
    </ClInclude>
    <ClInclude Include="lib\xenon\utility\random.hpp">
      <Filter>Header Files</Filter>
    </ClInclude>
    <ClInclude Include="lib\xenon\utility\utilities.hpp">
      <Filter>Header Files</Filter>
    </ClInclude>
    <ClInclude Include="lib\xenon\utility\vec2.hpp">
      <Filter>Header Files</Filter>
    </ClInclude>
    <ClInclude Include="lib\xenon\utility\vec3.hpp">
      <Filter>Header Files</Filter>
    </ClInclude>
    <ClInclude Include="lib\xenon\xenon.hpp">
      <Filter>Header Files</Filter>
    </ClInclude>
    <ClInclude Include="HODDump\SDK.hpp">
      <Filter>Header Files</Filter>
    </ClInclude>
  </ItemGroup>
</Project>